// !$*UTF8*$!
{
	archiveVersion = 1;
	classes = {
	};
	objectVersion = 46;
	objects = {

/* Begin PBXBuildFile section */
		6940D590175329FD00246FAF /* UIKit.framework in Frameworks */ = {isa = PBXBuildFile; fileRef = 6940D58F175329FD00246FAF /* UIKit.framework */; };
		6940D592175329FD00246FAF /* Foundation.framework in Frameworks */ = {isa = PBXBuildFile; fileRef = 6940D591175329FD00246FAF /* Foundation.framework */; };
		6940D594175329FD00246FAF /* CoreGraphics.framework in Frameworks */ = {isa = PBXBuildFile; fileRef = 6940D593175329FD00246FAF /* CoreGraphics.framework */; };
		6940D59A175329FD00246FAF /* InfoPlist.strings in Resources */ = {isa = PBXBuildFile; fileRef = 6940D598175329FD00246FAF /* InfoPlist.strings */; };
		6940D59C175329FD00246FAF /* main.m in Sources */ = {isa = PBXBuildFile; fileRef = 6940D59B175329FD00246FAF /* main.m */; };
		6940D5A0175329FD00246FAF /* AppDelegate.m in Sources */ = {isa = PBXBuildFile; fileRef = 6940D59F175329FD00246FAF /* AppDelegate.m */; };
		6940D5A2175329FD00246FAF /* Default.png in Resources */ = {isa = PBXBuildFile; fileRef = 6940D5A1175329FD00246FAF /* Default.png */; };
		6940D5A4175329FD00246FAF /* Default@2x.png in Resources */ = {isa = PBXBuildFile; fileRef = 6940D5A3175329FD00246FAF /* Default@2x.png */; };
		6940D5A6175329FD00246FAF /* Default-568h@2x.png in Resources */ = {isa = PBXBuildFile; fileRef = 6940D5A5175329FD00246FAF /* Default-568h@2x.png */; };
		6940D5AE175329FD00246FAF /* SenTestingKit.framework in Frameworks */ = {isa = PBXBuildFile; fileRef = 6940D5AD175329FD00246FAF /* SenTestingKit.framework */; };
		6940D5AF175329FD00246FAF /* UIKit.framework in Frameworks */ = {isa = PBXBuildFile; fileRef = 6940D58F175329FD00246FAF /* UIKit.framework */; };
		6940D5B0175329FD00246FAF /* Foundation.framework in Frameworks */ = {isa = PBXBuildFile; fileRef = 6940D591175329FD00246FAF /* Foundation.framework */; };
		6940D5B8175329FD00246FAF /* InfoPlist.strings in Resources */ = {isa = PBXBuildFile; fileRef = 6940D5B6175329FD00246FAF /* InfoPlist.strings */; };
		6940D5BB175329FD00246FAF /* WaterDropAppTests.m in Sources */ = {isa = PBXBuildFile; fileRef = 6940D5BA175329FD00246FAF /* WaterDropAppTests.m */; };
/* End PBXBuildFile section */

/* Begin PBXContainerItemProxy section */
		6940D5B1175329FD00246FAF /* PBXContainerItemProxy */ = {
			isa = PBXContainerItemProxy;
			containerPortal = 6940D584175329FD00246FAF /* Project object */;
			proxyType = 1;
			remoteGlobalIDString = 6940D58B175329FD00246FAF;
			remoteInfo = WaterDropApp;
		};
/* End PBXContainerItemProxy section */

/* Begin PBXFileReference section */
		6940D58C175329FD00246FAF /* WaterDropApp.app */ = {isa = PBXFileReference; explicitFileType = wrapper.application; includeInIndex = 0; path = WaterDropApp.app; sourceTree = BUILT_PRODUCTS_DIR; };
		6940D58F175329FD00246FAF /* UIKit.framework */ = {isa = PBXFileReference; lastKnownFileType = wrapper.framework; name = UIKit.framework; path = System/Library/Frameworks/UIKit.framework; sourceTree = SDKROOT; };
		6940D591175329FD00246FAF /* Foundation.framework */ = {isa = PBXFileReference; lastKnownFileType = wrapper.framework; name = Foundation.framework; path = System/Library/Frameworks/Foundation.framework; sourceTree = SDKROOT; };
		6940D593175329FD00246FAF /* CoreGraphics.framework */ = {isa = PBXFileReference; lastKnownFileType = wrapper.framework; name = CoreGraphics.framework; path = System/Library/Frameworks/CoreGraphics.framework; sourceTree = SDKROOT; };
		6940D597175329FD00246FAF /* WaterDropApp-Info.plist */ = {isa = PBXFileReference; lastKnownFileType = text.plist.xml; path = "WaterDropApp-Info.plist"; sourceTree = "<group>"; };
		6940D599175329FD00246FAF /* en */ = {isa = PBXFileReference; lastKnownFileType = text.plist.strings; name = en; path = en.lproj/InfoPlist.strings; sourceTree = "<group>"; };
		6940D59B175329FD00246FAF /* main.m */ = {isa = PBXFileReference; lastKnownFileType = sourcecode.c.objc; path = main.m; sourceTree = "<group>"; };
		6940D59D175329FD00246FAF /* WaterDropApp-Prefix.pch */ = {isa = PBXFileReference; lastKnownFileType = sourcecode.c.h; path = "WaterDropApp-Prefix.pch"; sourceTree = "<group>"; };
		6940D59E175329FD00246FAF /* AppDelegate.h */ = {isa = PBXFileReference; lastKnownFileType = sourcecode.c.h; path = AppDelegate.h; sourceTree = "<group>"; };
		6940D59F175329FD00246FAF /* AppDelegate.m */ = {isa = PBXFileReference; lastKnownFileType = sourcecode.c.objc; path = AppDelegate.m; sourceTree = "<group>"; };
		6940D5A1175329FD00246FAF /* Default.png */ = {isa = PBXFileReference; lastKnownFileType = image.png; path = Default.png; sourceTree = "<group>"; };
		6940D5A3175329FD00246FAF /* Default@2x.png */ = {isa = PBXFileReference; lastKnownFileType = image.png; path = "Default@2x.png"; sourceTree = "<group>"; };
		6940D5A5175329FD00246FAF /* Default-568h@2x.png */ = {isa = PBXFileReference; lastKnownFileType = image.png; path = "Default-568h@2x.png"; sourceTree = "<group>"; };
		6940D5AC175329FD00246FAF /* WaterDropAppTests.octest */ = {isa = PBXFileReference; explicitFileType = wrapper.cfbundle; includeInIndex = 0; path = WaterDropAppTests.octest; sourceTree = BUILT_PRODUCTS_DIR; };
		6940D5AD175329FD00246FAF /* SenTestingKit.framework */ = {isa = PBXFileReference; lastKnownFileType = wrapper.framework; name = SenTestingKit.framework; path = Library/Frameworks/SenTestingKit.framework; sourceTree = DEVELOPER_DIR; };
		6940D5B5175329FD00246FAF /* WaterDropAppTests-Info.plist */ = {isa = PBXFileReference; lastKnownFileType = text.plist.xml; path = "WaterDropAppTests-Info.plist"; sourceTree = "<group>"; };
		6940D5B7175329FD00246FAF /* en */ = {isa = PBXFileReference; lastKnownFileType = text.plist.strings; name = en; path = en.lproj/InfoPlist.strings; sourceTree = "<group>"; };
		6940D5B9175329FD00246FAF /* WaterDropAppTests.h */ = {isa = PBXFileReference; lastKnownFileType = sourcecode.c.h; path = WaterDropAppTests.h; sourceTree = "<group>"; };
		6940D5BA175329FD00246FAF /* WaterDropAppTests.m */ = {isa = PBXFileReference; lastKnownFileType = sourcecode.c.objc; path = WaterDropAppTests.m; sourceTree = "<group>"; };
/* End PBXFileReference section */

/* Begin PBXFrameworksBuildPhase section */
		6940D589175329FD00246FAF /* Frameworks */ = {
			isa = PBXFrameworksBuildPhase;
			buildActionMask = 2147483647;
			files = (
				6940D590175329FD00246FAF /* UIKit.framework in Frameworks */,
				6940D592175329FD00246FAF /* Foundation.framework in Frameworks */,
				6940D594175329FD00246FAF /* CoreGraphics.framework in Frameworks */,
			);
			runOnlyForDeploymentPostprocessing = 0;
		};
		6940D5A8175329FD00246FAF /* Frameworks */ = {
			isa = PBXFrameworksBuildPhase;
			buildActionMask = 2147483647;
			files = (
				6940D5AE175329FD00246FAF /* SenTestingKit.framework in Frameworks */,
				6940D5AF175329FD00246FAF /* UIKit.framework in Frameworks */,
				6940D5B0175329FD00246FAF /* Foundation.framework in Frameworks */,
			);
			runOnlyForDeploymentPostprocessing = 0;
		};
/* End PBXFrameworksBuildPhase section */

/* Begin PBXGroup section */
		6940D583175329FD00246FAF = {
			isa = PBXGroup;
			children = (
				6940D595175329FD00246FAF /* WaterDropApp */,
				6940D5B3175329FD00246FAF /* WaterDropAppTests */,
				6940D58E175329FD00246FAF /* Frameworks */,
				6940D58D175329FD00246FAF /* Products */,
			);
			sourceTree = "<group>";
		};
		6940D58D175329FD00246FAF /* Products */ = {
			isa = PBXGroup;
			children = (
				6940D58C175329FD00246FAF /* WaterDropApp.app */,
				6940D5AC175329FD00246FAF /* WaterDropAppTests.octest */,
			);
			name = Products;
			sourceTree = "<group>";
		};
		6940D58E175329FD00246FAF /* Frameworks */ = {
			isa = PBXGroup;
			children = (
				6940D58F175329FD00246FAF /* UIKit.framework */,
				6940D591175329FD00246FAF /* Foundation.framework */,
				6940D593175329FD00246FAF /* CoreGraphics.framework */,
				6940D5AD175329FD00246FAF /* SenTestingKit.framework */,
			);
			name = Frameworks;
			sourceTree = "<group>";
		};
		6940D595175329FD00246FAF /* WaterDropApp */ = {
			isa = PBXGroup;
			children = (
				6940D59E175329FD00246FAF /* AppDelegate.h */,
				6940D59F175329FD00246FAF /* AppDelegate.m */,
				6940D596175329FD00246FAF /* Supporting Files */,
			);
			path = WaterDropApp;
			sourceTree = "<group>";
		};
		6940D596175329FD00246FAF /* Supporting Files */ = {
			isa = PBXGroup;
			children = (
				6940D597175329FD00246FAF /* WaterDropApp-Info.plist */,
				6940D598175329FD00246FAF /* InfoPlist.strings */,
				6940D59B175329FD00246FAF /* main.m */,
				6940D59D175329FD00246FAF /* WaterDropApp-Prefix.pch */,
				6940D5A1175329FD00246FAF /* Default.png */,
				6940D5A3175329FD00246FAF /* Default@2x.png */,
				6940D5A5175329FD00246FAF /* Default-568h@2x.png */,
			);
			name = "Supporting Files";
			sourceTree = "<group>";
		};
		6940D5B3175329FD00246FAF /* WaterDropAppTests */ = {
			isa = PBXGroup;
			children = (
				6940D5B9175329FD00246FAF /* WaterDropAppTests.h */,
				6940D5BA175329FD00246FAF /* WaterDropAppTests.m */,
				6940D5B4175329FD00246FAF /* Supporting Files */,
			);
			path = WaterDropAppTests;
			sourceTree = "<group>";
		};
		6940D5B4175329FD00246FAF /* Supporting Files */ = {
			isa = PBXGroup;
			children = (
				6940D5B5175329FD00246FAF /* WaterDropAppTests-Info.plist */,
				6940D5B6175329FD00246FAF /* InfoPlist.strings */,
			);
			name = "Supporting Files";
			sourceTree = "<group>";
		};
/* End PBXGroup section */

/* Begin PBXNativeTarget section */
		6940D58B175329FD00246FAF /* WaterDropApp */ = {
			isa = PBXNativeTarget;
			buildConfigurationList = 6940D5BE175329FD00246FAF /* Build configuration list for PBXNativeTarget "WaterDropApp" */;
			buildPhases = (
				6940D588175329FD00246FAF /* Sources */,
				6940D589175329FD00246FAF /* Frameworks */,
				6940D58A175329FD00246FAF /* Resources */,
			);
			buildRules = (
			);
			dependencies = (
			);
			name = WaterDropApp;
			productName = WaterDropApp;
			productReference = 6940D58C175329FD00246FAF /* WaterDropApp.app */;
			productType = "com.apple.product-type.application";
		};
		6940D5AB175329FD00246FAF /* WaterDropAppTests */ = {
			isa = PBXNativeTarget;
			buildConfigurationList = 6940D5C1175329FD00246FAF /* Build configuration list for PBXNativeTarget "WaterDropAppTests" */;
			buildPhases = (
				6940D5A7175329FD00246FAF /* Sources */,
				6940D5A8175329FD00246FAF /* Frameworks */,
				6940D5A9175329FD00246FAF /* Resources */,
				6940D5AA175329FD00246FAF /* ShellScript */,
			);
			buildRules = (
			);
			dependencies = (
				6940D5B2175329FD00246FAF /* PBXTargetDependency */,
			);
			name = WaterDropAppTests;
			productName = WaterDropAppTests;
			productReference = 6940D5AC175329FD00246FAF /* WaterDropAppTests.octest */;
			productType = "com.apple.product-type.bundle";
		};
/* End PBXNativeTarget section */

/* Begin PBXProject section */
		6940D584175329FD00246FAF /* Project object */ = {
			isa = PBXProject;
			attributes = {
				LastUpgradeCheck = 0460;
				ORGANIZATIONNAME = "LEADS Corporation";
			};
			buildConfigurationList = 6940D587175329FD00246FAF /* Build configuration list for PBXProject "WaterDropApp" */;
			compatibilityVersion = "Xcode 3.2";
			developmentRegion = English;
			hasScannedForEncodings = 0;
			knownRegions = (
				en,
			);
			mainGroup = 6940D583175329FD00246FAF;
			productRefGroup = 6940D58D175329FD00246FAF /* Products */;
			projectDirPath = "";
			projectRoot = "";
			targets = (
				6940D58B175329FD00246FAF /* WaterDropApp */,
				6940D5AB175329FD00246FAF /* WaterDropAppTests */,
			);
		};
/* End PBXProject section */

/* Begin PBXResourcesBuildPhase section */
		6940D58A175329FD00246FAF /* Resources */ = {
			isa = PBXResourcesBuildPhase;
			buildActionMask = 2147483647;
			files = (
				6940D59A175329FD00246FAF /* InfoPlist.strings in Resources */,
				6940D5A2175329FD00246FAF /* Default.png in Resources */,
				6940D5A4175329FD00246FAF /* Default@2x.png in Resources */,
				6940D5A6175329FD00246FAF /* Default-568h@2x.png in Resources */,
			);
			runOnlyForDeploymentPostprocessing = 0;
		};
		6940D5A9175329FD00246FAF /* Resources */ = {
			isa = PBXResourcesBuildPhase;
			buildActionMask = 2147483647;
			files = (
				6940D5B8175329FD00246FAF /* InfoPlist.strings in Resources */,
			);
			runOnlyForDeploymentPostprocessing = 0;
		};
/* End PBXResourcesBuildPhase section */

/* Begin PBXShellScriptBuildPhase section */
		6940D5AA175329FD00246FAF /* ShellScript */ = {
			isa = PBXShellScriptBuildPhase;
			buildActionMask = 2147483647;
			files = (
			);
			inputPaths = (
			);
			outputPaths = (
			);
			runOnlyForDeploymentPostprocessing = 0;
			shellPath = /bin/sh;
			shellScript = "# Run the unit tests in this test bundle.\n\"${SYSTEM_DEVELOPER_DIR}/Tools/RunUnitTests\"\n";
		};
/* End PBXShellScriptBuildPhase section */

/* Begin PBXSourcesBuildPhase section */
		6940D588175329FD00246FAF /* Sources */ = {
			isa = PBXSourcesBuildPhase;
			buildActionMask = 2147483647;
			files = (
				6940D59C175329FD00246FAF /* main.m in Sources */,
				6940D5A0175329FD00246FAF /* AppDelegate.m in Sources */,
			);
			runOnlyForDeploymentPostprocessing = 0;
		};
		6940D5A7175329FD00246FAF /* Sources */ = {
			isa = PBXSourcesBuildPhase;
			buildActionMask = 2147483647;
			files = (
				6940D5BB175329FD00246FAF /* WaterDropAppTests.m in Sources */,
			);
			runOnlyForDeploymentPostprocessing = 0;
		};
/* End PBXSourcesBuildPhase section */

/* Begin PBXTargetDependency section */
		6940D5B2175329FD00246FAF /* PBXTargetDependency */ = {
			isa = PBXTargetDependency;
			target = 6940D58B175329FD00246FAF /* WaterDropApp */;
			targetProxy = 6940D5B1175329FD00246FAF /* PBXContainerItemProxy */;
		};
/* End PBXTargetDependency section */

/* Begin PBXVariantGroup section */
		6940D598175329FD00246FAF /* InfoPlist.strings */ = {
			isa = PBXVariantGroup;
			children = (
				6940D599175329FD00246FAF /* en */,
			);
			name = InfoPlist.strings;
			sourceTree = "<group>";
		};
		6940D5B6175329FD00246FAF /* InfoPlist.strings */ = {
			isa = PBXVariantGroup;
			children = (
				6940D5B7175329FD00246FAF /* en */,
			);
			name = InfoPlist.strings;
			sourceTree = "<group>";
		};
/* End PBXVariantGroup section */

/* Begin XCBuildConfiguration section */
		6940D5BC175329FD00246FAF /* Debug */ = {
			isa = XCBuildConfiguration;
			buildSettings = {
				ALWAYS_SEARCH_USER_PATHS = NO;
				CLANG_CXX_LANGUAGE_STANDARD = "gnu++0x";
				CLANG_CXX_LIBRARY = "libc++";
				CLANG_ENABLE_OBJC_ARC = YES;
				CLANG_WARN_CONSTANT_CONVERSION = YES;
				CLANG_WARN_EMPTY_BODY = YES;
				CLANG_WARN_ENUM_CONVERSION = YES;
				CLANG_WARN_INT_CONVERSION = YES;
				CLANG_WARN__DUPLICATE_METHOD_MATCH = YES;
				"CODE_SIGN_IDENTITY[sdk=iphoneos*]" = "iPhone Developer";
				COPY_PHASE_STRIP = NO;
				GCC_C_LANGUAGE_STANDARD = gnu99;
				GCC_DYNAMIC_NO_PIC = NO;
				GCC_OPTIMIZATION_LEVEL = 0;
				GCC_PREPROCESSOR_DEFINITIONS = (
					"DEBUG=1",
					"$(inherited)",
				);
				GCC_SYMBOLS_PRIVATE_EXTERN = NO;
				GCC_WARN_ABOUT_RETURN_TYPE = YES;
				GCC_WARN_UNINITIALIZED_AUTOS = YES;
				GCC_WARN_UNUSED_VARIABLE = YES;
				IPHONEOS_DEPLOYMENT_TARGET = 6.1;
				ONLY_ACTIVE_ARCH = YES;
				SDKROOT = iphoneos;
			};
			name = Debug;
		};
		6940D5BD175329FD00246FAF /* Release */ = {
			isa = XCBuildConfiguration;
			buildSettings = {
				ALWAYS_SEARCH_USER_PATHS = NO;
				CLANG_CXX_LANGUAGE_STANDARD = "gnu++0x";
				CLANG_CXX_LIBRARY = "libc++";
				CLANG_ENABLE_OBJC_ARC = YES;
				CLANG_WARN_CONSTANT_CONVERSION = YES;
				CLANG_WARN_EMPTY_BODY = YES;
				CLANG_WARN_ENUM_CONVERSION = YES;
				CLANG_WARN_INT_CONVERSION = YES;
				CLANG_WARN__DUPLICATE_METHOD_MATCH = YES;
				"CODE_SIGN_IDENTITY[sdk=iphoneos*]" = "iPhone Developer";
				COPY_PHASE_STRIP = YES;
				GCC_C_LANGUAGE_STANDARD = gnu99;
				GCC_WARN_ABOUT_RETURN_TYPE = YES;
				GCC_WARN_UNINITIALIZED_AUTOS = YES;
				GCC_WARN_UNUSED_VARIABLE = YES;
				IPHONEOS_DEPLOYMENT_TARGET = 6.1;
				OTHER_CFLAGS = "-DNS_BLOCK_ASSERTIONS=1";
				SDKROOT = iphoneos;
				VALIDATE_PRODUCT = YES;
			};
			name = Release;
		};
		6940D5BF175329FD00246FAF /* Debug */ = {
			isa = XCBuildConfiguration;
			buildSettings = {
				GCC_PRECOMPILE_PREFIX_HEADER = YES;
				GCC_PREFIX_HEADER = "WaterDropApp/WaterDropApp-Prefix.pch";
				INFOPLIST_FILE = "WaterDropApp/WaterDropApp-Info.plist";
				PRODUCT_NAME = "$(TARGET_NAME)";
				WRAPPER_EXTENSION = app;
			};
			name = Debug;
		};
		6940D5C0175329FD00246FAF /* Release */ = {
			isa = XCBuildConfiguration;
			buildSettings = {
				GCC_PRECOMPILE_PREFIX_HEADER = YES;
				GCC_PREFIX_HEADER = "WaterDropApp/WaterDropApp-Prefix.pch";
				INFOPLIST_FILE = "WaterDropApp/WaterDropApp-Info.plist";
				PRODUCT_NAME = "$(TARGET_NAME)";
				WRAPPER_EXTENSION = app;
			};
			name = Release;
		};
		6940D5C2175329FD00246FAF /* Debug */ = {
			isa = XCBuildConfiguration;
			buildSettings = {
				BUNDLE_LOADER = "$(BUILT_PRODUCTS_DIR)/WaterDropApp.app/WaterDropApp";
				FRAMEWORK_SEARCH_PATHS = (
					"\"$(SDKROOT)/Developer/Library/Frameworks\"",
					"\"$(DEVELOPER_LIBRARY_DIR)/Frameworks\"",
				);
				GCC_PRECOMPILE_PREFIX_HEADER = YES;
				GCC_PREFIX_HEADER = "WaterDropApp/WaterDropApp-Prefix.pch";
				INFOPLIST_FILE = "WaterDropAppTests/WaterDropAppTests-Info.plist";
				PRODUCT_NAME = "$(TARGET_NAME)";
				TEST_HOST = "$(BUNDLE_LOADER)";
				WRAPPER_EXTENSION = octest;
			};
			name = Debug;
		};
		6940D5C3175329FD00246FAF /* Release */ = {
			isa = XCBuildConfiguration;
			buildSettings = {
				BUNDLE_LOADER = "$(BUILT_PRODUCTS_DIR)/WaterDropApp.app/WaterDropApp";
				FRAMEWORK_SEARCH_PATHS = (
					"\"$(SDKROOT)/Developer/Library/Frameworks\"",
					"\"$(DEVELOPER_LIBRARY_DIR)/Frameworks\"",
				);
				GCC_PRECOMPILE_PREFIX_HEADER = YES;
				GCC_PREFIX_HEADER = "WaterDropApp/WaterDropApp-Prefix.pch";
				INFOPLIST_FILE = "WaterDropAppTests/WaterDropAppTests-Info.plist";
				PRODUCT_NAME = "$(TARGET_NAME)";
				TEST_HOST = "$(BUNDLE_LOADER)";
				WRAPPER_EXTENSION = octest;
			};
			name = Release;
		};
/* End XCBuildConfiguration section */

/* Begin XCConfigurationList section */
		6940D587175329FD00246FAF /* Build configuration list for PBXProject "WaterDropApp" */ = {
			isa = XCConfigurationList;
			buildConfigurations = (
				6940D5BC175329FD00246FAF /* Debug */,
				6940D5BD175329FD00246FAF /* Release */,
			);
			defaultConfigurationIsVisible = 0;
			defaultConfigurationName = Release;
		};
		6940D5BE175329FD00246FAF /* Build configuration list for PBXNativeTarget "WaterDropApp" */ = {
			isa = XCConfigurationList;
			buildConfigurations = (
				6940D5BF175329FD00246FAF /* Debug */,
				6940D5C0175329FD00246FAF /* Release */,
			);
			defaultConfigurationIsVisible = 0;
		};
		6940D5C1175329FD00246FAF /* Build configuration list for PBXNativeTarget "WaterDropAppTests" */ = {
			isa = XCConfigurationList;
			buildConfigurations = (
				6940D5C2175329FD00246FAF /* Debug */,
				6940D5C3175329FD00246FAF /* Release */,
			);
			defaultConfigurationIsVisible = 0;
		};
/* End XCConfigurationList section */
	};
	rootObject = 6940D584175329FD00246FAF /* Project object */;
}
